
Microsoft Visual Studio Solution File, Format Version 12.00
# Visual Studio 15
VisualStudioVersion = 15.0.28307.271
MinimumVisualStudioVersion = 10.0.40219.1
Project("{FAE04EC0-301F-11D3-BF4B-00C04F79EFBC}") = "Practice09", "Practice09\Practice09.csproj", "{17FBBD05-D5D1-4CE4-84A7-5A79D3784A97}"
EndProject
Global
	GlobalSection(SolutionConfigurationPlatforms) = preSolution
		Debug|Any CPU = Debug|Any CPU
		Release|Any CPU = Release|Any CPU
	EndGlobalSection
	GlobalSection(ProjectConfigurationPlatforms) = postSolution
		{17FBBD05-D5D1-4CE4-84A7-5A79D3784A97}.Debug|Any CPU.ActiveCfg = Debug|Any CPU
		{17FBBD05-D5D1-4CE4-84A7-5A79D3784A97}.Debug|Any CPU.Build.0 = Debug|Any CPU
		{17FBBD05-D5D1-4CE4-84A7-5A79D3784A97}.Release|Any CPU.ActiveCfg = Release|Any CPU
		{17FBBD05-D5D1-4CE4-84A7-5A79D3784A97}.Release|Any CPU.Build.0 = Release|Any CPU
	EndGlobalSection
	GlobalSection(SolutionProperties) = preSolution
		HideSolutionNode = FALSE
	EndGlobalSection
	GlobalSection(ExtensibilityGlobals) = postSolution
		SolutionGuid = {F3331C1B-54CA-4666-9421-BFF9D178086B}
	EndGlobalSection
EndGlobal
