
Microsoft Visual Studio Solution File, Format Version 12.00
# Visual Studio 15
VisualStudioVersion = 15.0.28307.271
MinimumVisualStudioVersion = 10.0.40219.1
Project("{FAE04EC0-301F-11D3-BF4B-00C04F79EFBC}") = "Practice03", "Practice03\Practice03.csproj", "{064D5428-3D3A-4218-B24A-C0482FF6AAA8}"
EndProject
Project("{FAE04EC0-301F-11D3-BF4B-00C04F79EFBC}") = "UnitTestProject1", "UnitTestProject1\UnitTestProject1.csproj", "{34991E5F-BD00-405F-85D5-3846EE8F814F}"
EndProject
Global
	GlobalSection(SolutionConfigurationPlatforms) = preSolution
		Debug|Any CPU = Debug|Any CPU
		Release|Any CPU = Release|Any CPU
	EndGlobalSection
	GlobalSection(ProjectConfigurationPlatforms) = postSolution
		{064D5428-3D3A-4218-B24A-C0482FF6AAA8}.Debug|Any CPU.ActiveCfg = Debug|Any CPU
		{064D5428-3D3A-4218-B24A-C0482FF6AAA8}.Debug|Any CPU.Build.0 = Debug|Any CPU
		{064D5428-3D3A-4218-B24A-C0482FF6AAA8}.Release|Any CPU.ActiveCfg = Release|Any CPU
		{064D5428-3D3A-4218-B24A-C0482FF6AAA8}.Release|Any CPU.Build.0 = Release|Any CPU
		{34991E5F-BD00-405F-85D5-3846EE8F814F}.Debug|Any CPU.ActiveCfg = Debug|Any CPU
		{34991E5F-BD00-405F-85D5-3846EE8F814F}.Debug|Any CPU.Build.0 = Debug|Any CPU
		{34991E5F-BD00-405F-85D5-3846EE8F814F}.Release|Any CPU.ActiveCfg = Release|Any CPU
		{34991E5F-BD00-405F-85D5-3846EE8F814F}.Release|Any CPU.Build.0 = Release|Any CPU
	EndGlobalSection
	GlobalSection(SolutionProperties) = preSolution
		HideSolutionNode = FALSE
	EndGlobalSection
	GlobalSection(ExtensibilityGlobals) = postSolution
		SolutionGuid = {424524F6-13ED-4423-8AEF-C4AD6D9D68B3}
	EndGlobalSection
EndGlobal
