
Microsoft Visual Studio Solution File, Format Version 12.00
# Visual Studio 15
VisualStudioVersion = 15.0.28307.271
MinimumVisualStudioVersion = 10.0.40219.1
Project("{FAE04EC0-301F-11D3-BF4B-00C04F79EFBC}") = "Practice06", "Practice06\Practice06.csproj", "{2B7BACE5-6407-4850-8D91-6DE71184CFE5}"
EndProject
Global
	GlobalSection(SolutionConfigurationPlatforms) = preSolution
		Debug|Any CPU = Debug|Any CPU
		Release|Any CPU = Release|Any CPU
	EndGlobalSection
	GlobalSection(ProjectConfigurationPlatforms) = postSolution
		{2B7BACE5-6407-4850-8D91-6DE71184CFE5}.Debug|Any CPU.ActiveCfg = Debug|Any CPU
		{2B7BACE5-6407-4850-8D91-6DE71184CFE5}.Debug|Any CPU.Build.0 = Debug|Any CPU
		{2B7BACE5-6407-4850-8D91-6DE71184CFE5}.Release|Any CPU.ActiveCfg = Release|Any CPU
		{2B7BACE5-6407-4850-8D91-6DE71184CFE5}.Release|Any CPU.Build.0 = Release|Any CPU
	EndGlobalSection
	GlobalSection(SolutionProperties) = preSolution
		HideSolutionNode = FALSE
	EndGlobalSection
	GlobalSection(ExtensibilityGlobals) = postSolution
		SolutionGuid = {4B81573E-9D22-4150-B645-8A6A1BC0F9CB}
	EndGlobalSection
EndGlobal
